
Microsoft Visual Studio Solution File, Format Version 12.00
# Visual Studio Version 17
Project("{9A19103F-16F7-4668-BE54-9A1E7A4F7556}") = "SolsticaKalendaro.Core", "src\SolsticaKalendaro.Core\SolsticaKalendaro.Core.csproj", "{4A1C0B2E-91D7-4E38-9C1A-6D5F0A7B3E11}"
EndProject
Project("{9A19103F-16F7-4668-BE54-9A1E7A4F7556}") = "SolsticaKalendaro.Core.Tests", "tests\SolsticaKalendaro.Core.Tests\SolsticaKalendaro.Core.Tests.csproj", "{7B2D3F41-5C68-4A90-8E22-1F4C9D06A5B2}"
EndProject
Project("{2150E333-8FDC-42A3-9474-1A3956D46DE8}") = "src", "src", "{827E0CD3-B72D-47B6-A68D-7590B98EB39B}"
EndProject
Project("{FAE04EC0-301F-11D3-BF4B-00C04F79EFBC}") = "SolsticaKalendaro.App", "src\SolsticaKalendaro.App\SolsticaKalendaro.App.csproj", "{8A8DDAC5-EF13-40B8-A613-F04E96BE3748}"
EndProject
Global
	GlobalSection(SolutionConfigurationPlatforms) = preSolution
		Debug|Any CPU = Debug|Any CPU
		Debug|x64 = Debug|x64
		Debug|x86 = Debug|x86
		Release|Any CPU = Release|Any CPU
		Release|x64 = Release|x64
		Release|x86 = Release|x86
	EndGlobalSection
	GlobalSection(ProjectConfigurationPlatforms) = postSolution
		{4A1C0B2E-91D7-4E38-9C1A-6D5F0A7B3E11}.Debug|Any CPU.ActiveCfg = Debug|Any CPU
		{4A1C0B2E-91D7-4E38-9C1A-6D5F0A7B3E11}.Debug|Any CPU.Build.0 = Debug|Any CPU
		{4A1C0B2E-91D7-4E38-9C1A-6D5F0A7B3E11}.Debug|x64.ActiveCfg = Debug|Any CPU
		{4A1C0B2E-91D7-4E38-9C1A-6D5F0A7B3E11}.Debug|x64.Build.0 = Debug|Any CPU
		{4A1C0B2E-91D7-4E38-9C1A-6D5F0A7B3E11}.Debug|x86.ActiveCfg = Debug|Any CPU
		{4A1C0B2E-91D7-4E38-9C1A-6D5F0A7B3E11}.Debug|x86.Build.0 = Debug|Any CPU
		{4A1C0B2E-91D7-4E38-9C1A-6D5F0A7B3E11}.Release|Any CPU.ActiveCfg = Release|Any CPU
		{4A1C0B2E-91D7-4E38-9C1A-6D5F0A7B3E11}.Release|Any CPU.Build.0 = Release|Any CPU
		{4A1C0B2E-91D7-4E38-9C1A-6D5F0A7B3E11}.Release|x64.ActiveCfg = Release|Any CPU
		{4A1C0B2E-91D7-4E38-9C1A-6D5F0A7B3E11}.Release|x64.Build.0 = Release|Any CPU
		{4A1C0B2E-91D7-4E38-9C1A-6D5F0A7B3E11}.Release|x86.ActiveCfg = Release|Any CPU
		{4A1C0B2E-91D7-4E38-9C1A-6D5F0A7B3E11}.Release|x86.Build.0 = Release|Any CPU
		{7B2D3F41-5C68-4A90-8E22-1F4C9D06A5B2}.Debug|Any CPU.ActiveCfg = Debug|Any CPU
		{7B2D3F41-5C68-4A90-8E22-1F4C9D06A5B2}.Debug|Any CPU.Build.0 = Debug|Any CPU
		{7B2D3F41-5C68-4A90-8E22-1F4C9D06A5B2}.Debug|x64.ActiveCfg = Debug|Any CPU
		{7B2D3F41-5C68-4A90-8E22-1F4C9D06A5B2}.Debug|x64.Build.0 = Debug|Any CPU
		{7B2D3F41-5C68-4A90-8E22-1F4C9D06A5B2}.Debug|x86.ActiveCfg = Debug|Any CPU
		{7B2D3F41-5C68-4A90-8E22-1F4C9D06A5B2}.Debug|x86.Build.0 = Debug|Any CPU
		{7B2D3F41-5C68-4A90-8E22-1F4C9D06A5B2}.Release|Any CPU.ActiveCfg = Release|Any CPU
		{7B2D3F41-5C68-4A90-8E22-1F4C9D06A5B2}.Release|Any CPU.Build.0 = Release|Any CPU
		{7B2D3F41-5C68-4A90-8E22-1F4C9D06A5B2}.Release|x64.ActiveCfg = Release|Any CPU
		{7B2D3F41-5C68-4A90-8E22-1F4C9D06A5B2}.Release|x64.Build.0 = Release|Any CPU
		{7B2D3F41-5C68-4A90-8E22-1F4C9D06A5B2}.Release|x86.ActiveCfg = Release|Any CPU
		{7B2D3F41-5C68-4A90-8E22-1F4C9D06A5B2}.Release|x86.Build.0 = Release|Any CPU
		{8A8DDAC5-EF13-40B8-A613-F04E96BE3748}.Debug|Any CPU.ActiveCfg = Debug|Any CPU
		{8A8DDAC5-EF13-40B8-A613-F04E96BE3748}.Debug|Any CPU.Build.0 = Debug|Any CPU
		{8A8DDAC5-EF13-40B8-A613-F04E96BE3748}.Debug|x64.ActiveCfg = Debug|Any CPU
		{8A8DDAC5-EF13-40B8-A613-F04E96BE3748}.Debug|x64.Build.0 = Debug|Any CPU
		{8A8DDAC5-EF13-40B8-A613-F04E96BE3748}.Debug|x86.ActiveCfg = Debug|Any CPU
		{8A8DDAC5-EF13-40B8-A613-F04E96BE3748}.Debug|x86.Build.0 = Debug|Any CPU
		{8A8DDAC5-EF13-40B8-A613-F04E96BE3748}.Release|Any CPU.ActiveCfg = Release|Any CPU
		{8A8DDAC5-EF13-40B8-A613-F04E96BE3748}.Release|Any CPU.Build.0 = Release|Any CPU
		{8A8DDAC5-EF13-40B8-A613-F04E96BE3748}.Release|x64.ActiveCfg = Release|Any CPU
		{8A8DDAC5-EF13-40B8-A613-F04E96BE3748}.Release|x64.Build.0 = Release|Any CPU
		{8A8DDAC5-EF13-40B8-A613-F04E96BE3748}.Release|x86.ActiveCfg = Release|Any CPU
		{8A8DDAC5-EF13-40B8-A613-F04E96BE3748}.Release|x86.Build.0 = Release|Any CPU
	EndGlobalSection
	GlobalSection(SolutionProperties) = preSolution
		HideSolutionNode = FALSE
	EndGlobalSection
	GlobalSection(NestedProjects) = preSolution
		{8A8DDAC5-EF13-40B8-A613-F04E96BE3748} = {827E0CD3-B72D-47B6-A68D-7590B98EB39B}
	EndGlobalSection
EndGlobal
